Microsoft Visual Studio Solution File, Format Version 11.00
# Visual Studio 2008

Project("{8D8716CF-7E74-028A-2F92-EEBA10BA31B7}") = "LDJam38", "Assembly-CSharp.csproj", "{B9C7C9C2-9F5E-CE20-1444-13FB3C8DB1AD}"
EndProject
Global
	GlobalSection(SolutionConfigurationPlatforms) = preSolution
		Debug|Any CPU = Debug|Any CPU
		Release|Any CPU = Release|Any CPU
	EndGlobalSection
	GlobalSection(ProjectConfigurationPlatforms) = postSolution
		{B9C7C9C2-9F5E-CE20-1444-13FB3C8DB1AD}.Debug|Any CPU.ActiveCfg = Debug|Any CPU
		{B9C7C9C2-9F5E-CE20-1444-13FB3C8DB1AD}.Debug|Any CPU.Build.0 = Debug|Any CPU
		{B9C7C9C2-9F5E-CE20-1444-13FB3C8DB1AD}.Release|Any CPU.ActiveCfg = Release|Any CPU
		{B9C7C9C2-9F5E-CE20-1444-13FB3C8DB1AD}.Release|Any CPU.Build.0 = Release|Any CPU
	EndGlobalSection
	GlobalSection(SolutionProperties) = preSolution
		HideSolutionNode = FALSE
	EndGlobalSection
	GlobalSection(MonoDevelopProperties) = preSolution
		StartupItem = Assembly-CSharp.csproj
	EndGlobalSection
EndGlobal
